
Microsoft Visual Studio Solution File, Format Version 12.00
# Visual Studio Version 17
VisualStudioVersion = 17.0.31903.59
MinimumVisualStudioVersion = 10.0.40219.1
Project("{FAE04EC0-301F-11D3-BF4B-00C04F79EFBC}") = "TheBugTracker", "TheBugTracker.csproj", "{A7F14F89-D715-487F-A8D7-53E55053671D}"
EndProject
Global
	GlobalSection(SolutionConfigurationPlatforms) = preSolution
		Debug|Any CPU = Debug|Any CPU
		Release|Any CPU = Release|Any CPU
	EndGlobalSection
	GlobalSection(ProjectConfigurationPlatforms) = postSolution
		{A7F14F89-D715-487F-A8D7-53E55053671D}.Debug|Any CPU.ActiveCfg = Debug|Any CPU
		{A7F14F89-D715-487F-A8D7-53E55053671D}.Debug|Any CPU.Build.0 = Debug|Any CPU
		{A7F14F89-D715-487F-A8D7-53E55053671D}.Release|Any CPU.ActiveCfg = Release|Any CPU
		{A7F14F89-D715-487F-A8D7-53E55053671D}.Release|Any CPU.Build.0 = Release|Any CPU
	EndGlobalSection
	GlobalSection(SolutionProperties) = preSolution
		HideSolutionNode = FALSE
	EndGlobalSection
	GlobalSection(ExtensibilityGlobals) = postSolution
		SolutionGuid = {E689EC9D-205B-4586-8814-DB2D2A276B4D}
	EndGlobalSection
EndGlobal
